
Microsoft Visual Studio Solution File, Format Version 12.00
# Visual Studio Version 17
VisualStudioVersion = 17.11.35312.102
MinimumVisualStudioVersion = 10.0.40219.1
Project("{FAE04EC0-301F-11D3-BF4B-00C04F79EFBC}") = "jcvillaltaS68A", "jcvillaltaS68A\jcvillaltaS68A.csproj", "{B07A43BE-9B5E-475E-BD08-89E16C947308}"
EndProject
Global
	GlobalSection(SolutionConfigurationPlatforms) = preSolution
		Debug|Any CPU = Debug|Any CPU
		Release|Any CPU = Release|Any CPU
	EndGlobalSection
	GlobalSection(ProjectConfigurationPlatforms) = postSolution
		{B07A43BE-9B5E-475E-BD08-89E16C947308}.Debug|Any CPU.ActiveCfg = Debug|Any CPU
		{B07A43BE-9B5E-475E-BD08-89E16C947308}.Debug|Any CPU.Build.0 = Debug|Any CPU
		{B07A43BE-9B5E-475E-BD08-89E16C947308}.Debug|Any CPU.Deploy.0 = Debug|Any CPU
		{B07A43BE-9B5E-475E-BD08-89E16C947308}.Release|Any CPU.ActiveCfg = Release|Any CPU
		{B07A43BE-9B5E-475E-BD08-89E16C947308}.Release|Any CPU.Build.0 = Release|Any CPU
		{B07A43BE-9B5E-475E-BD08-89E16C947308}.Release|Any CPU.Deploy.0 = Release|Any CPU
	EndGlobalSection
	GlobalSection(SolutionProperties) = preSolution
		HideSolutionNode = FALSE
	EndGlobalSection
	GlobalSection(ExtensibilityGlobals) = postSolution
		SolutionGuid = {623406B6-3093-42A7-8F75-CB28B98AB085}
	EndGlobalSection
EndGlobal
